PODS:
  - CocoaAsyncSocket (7.6.0)
  - GCDWebServer (3.3.3):
    - GCDWebServer/Core (= 3.3.3)
  - GCDWebServer/Core (3.3.3)

DEPENDENCIES:
  - CocoaAsyncSocket
  - GCDWebServer

SPEC CHECKSUMS:
  CocoaAsyncSocket: b9d5589f07baf9de8f34cc25abd4fcba28f13805
  GCDWebServer: 1c39a1f0763e4eb492bee021e4270fce097d3555

PODFILE CHECKSUM: 5f118164c8bea22dc732bacd2ea3947417f51ffa

COCOAPODS: 1.2.0.beta.1
